
Microsoft Visual Studio Solution File, Format Version 12.00
# Visual Studio 15
Project("{FAE04EC0-301F-11D3-BF4B-00C04F79EFBC}") = "Assembly-CSharp-Editor", "Assembly-CSharp-Editor.csproj", "{1634D2B1-533C-2DC0-4DAF-A3C143001E0F}"
EndProject
Project("{FAE04EC0-301F-11D3-BF4B-00C04F79EFBC}") = "Unity.XR.Interaction.Toolkit.Samples.StarterAssets.Editor", "Unity.XR.Interaction.Toolkit.Samples.StarterAssets.Editor.csproj", "{D3DD0414-E922-DA8B-C76A-EA20CE384ADA}"
EndProject
Project("{FAE04EC0-301F-11D3-BF4B-00C04F79EFBC}") = "Assembly-CSharp", "Assembly-CSharp.csproj", "{B090E98E-7C18-731F-E9E2-A315B81C2D56}"
EndProject
Project("{FAE04EC0-301F-11D3-BF4B-00C04F79EFBC}") = "Unity.XR.Interaction.Toolkit.Samples.StarterAssets", "Unity.XR.Interaction.Toolkit.Samples.StarterAssets.csproj", "{90240694-5BCD-4776-3468-1A9FAE11D923}"
EndProject
Global
	GlobalSection(SolutionConfigurationPlatforms) = preSolution
		Debug|Any CPU = Debug|Any CPU
		Release|Any CPU = Release|Any CPU
	EndGlobalSection
	GlobalSection(ProjectConfigurationPlatforms) = postSolution
		{1634D2B1-533C-2DC0-4DAF-A3C143001E0F}.Debug|Any CPU.ActiveCfg = Debug|Any CPU
		{1634D2B1-533C-2DC0-4DAF-A3C143001E0F}.Debug|Any CPU.Build.0 = Debug|Any CPU
		{1634D2B1-533C-2DC0-4DAF-A3C143001E0F}.Release|Any CPU.ActiveCfg = Release|Any CPU
		{1634D2B1-533C-2DC0-4DAF-A3C143001E0F}.Release|Any CPU.Build.0 = Release|Any CPU
		{D3DD0414-E922-DA8B-C76A-EA20CE384ADA}.Debug|Any CPU.ActiveCfg = Debug|Any CPU
		{D3DD0414-E922-DA8B-C76A-EA20CE384ADA}.Debug|Any CPU.Build.0 = Debug|Any CPU
		{D3DD0414-E922-DA8B-C76A-EA20CE384ADA}.Release|Any CPU.ActiveCfg = Release|Any CPU
		{D3DD0414-E922-DA8B-C76A-EA20CE384ADA}.Release|Any CPU.Build.0 = Release|Any CPU
		{B090E98E-7C18-731F-E9E2-A315B81C2D56}.Debug|Any CPU.ActiveCfg = Debug|Any CPU
		{B090E98E-7C18-731F-E9E2-A315B81C2D56}.Debug|Any CPU.Build.0 = Debug|Any CPU
		{B090E98E-7C18-731F-E9E2-A315B81C2D56}.Release|Any CPU.ActiveCfg = Release|Any CPU
		{B090E98E-7C18-731F-E9E2-A315B81C2D56}.Release|Any CPU.Build.0 = Release|Any CPU
		{90240694-5BCD-4776-3468-1A9FAE11D923}.Debug|Any CPU.ActiveCfg = Debug|Any CPU
		{90240694-5BCD-4776-3468-1A9FAE11D923}.Debug|Any CPU.Build.0 = Debug|Any CPU
		{90240694-5BCD-4776-3468-1A9FAE11D923}.Release|Any CPU.ActiveCfg = Release|Any CPU
		{90240694-5BCD-4776-3468-1A9FAE11D923}.Release|Any CPU.Build.0 = Release|Any CPU
	EndGlobalSection
	GlobalSection(SolutionProperties) = preSolution
		HideSolutionNode = FALSE
	EndGlobalSection
EndGlobal
